<Solution>
  <Project Path="TaskFlow.Api/TaskFlow.Api.csproj" />
  <Project Path="TaskFlow.Application/TaskFlow.Application.csproj" />
  <Project Path="TaskFlow.Domain/TaskFlow.Domain.csproj" />
  <Project Path="TaskFlow.Infrastructure/TaskFlow.Infrastructure.csproj" />
  <Project Path="TaskFlow.TestUnit/TaskFlow.TestUnit.csproj" />
  <Project Path="TaskFlow.UI/TaskFlow.UI.csproj" />
</Solution>
